{
  "name": "KalwarBazaar",
  "lockfileVersion": 2,
  "requires": true,
  "packages": {
    "": {
      "dependencies": {
        "intl-tel-input": "^25.10.11"
      }
    },
    "node_modules/intl-tel-input": {
      "version": "25.10.11",
      "resolved": "https://registry.npmjs.org/intl-tel-input/-/intl-tel-input-25.10.11.tgz",
      "integrity": "sha512-jBZ61ojPG43ByPJ2Y9WWni15Oz0OK86VSBPFCjTX5XqIg4MpYv4Vhtvj/Y0+Qruc9IMKmbJIQHC5oCKAtBrhTQ=="
    }
  },
  "dependencies": {
    "intl-tel-input": {
      "version": "25.10.11",
      "resolved": "https://registry.npmjs.org/intl-tel-input/-/intl-tel-input-25.10.11.tgz",
      "integrity": "sha512-jBZ61ojPG43ByPJ2Y9WWni15Oz0OK86VSBPFCjTX5XqIg4MpYv4Vhtvj/Y0+Qruc9IMKmbJIQHC5oCKAtBrhTQ=="
    }
  }
}
