# THIS IS AN AUTOGENERATED FILE. DO NOT EDIT THIS FILE DIRECTLY.
# yarn lockfile v1


intl-tel-input@^25.10.11:
  version "25.10.11"
  resolved "https://registry.yarnpkg.com/intl-tel-input/-/intl-tel-input-25.10.11.tgz#48ce3b8d52aa89b5048f075cc112a9f6f3b0c63c"
  integrity sha512-jBZ61ojPG43ByPJ2Y9WWni15Oz0OK86VSBPFCjTX5XqIg4MpYv4Vhtvj/Y0+Qruc9IMKmbJIQHC5oCKAtBrhTQ==
